{
  "originHash" : "a75cdce0be80fd9a96f9cc75f781a9cd8ee7033422aa2b930a076530798cc0a1",
  "pins" : [
    {
      "identity" : "capacitor-swift-pm",
      "kind" : "remoteSourceControl",
      "location" : "https://github.com/ionic-team/capacitor-swift-pm.git",
      "state" : {
        "revision" : "1a8565426224c0fdfaf5a7b746ab8e490bb0b67e",
        "version" : "7.4.5"
      }
    }
  ],
  "version" : 3
}
